// !$*UTF8*$!
{
	archiveVersion = 1;
	classes = {
	};
	objectVersion = 46;
	objects = {

/* Begin PBXBuildFile section */
		3C014DFC1CDDE220009C0B0C /* AppDelegate.swift in Sources */ = {isa = PBXBuildFile; fileRef = 3C014DFB1CDDE220009C0B0C /* AppDelegate.swift */; };
		3C014DFE1CDDE220009C0B0C /* ViewController.swift in Sources */ = {isa = PBXBuildFile; fileRef = 3C014DFD1CDDE220009C0B0C /* ViewController.swift */; };
		3C014E011CDDE220009C0B0C /* Main.storyboard in Resources */ = {isa = PBXBuildFile; fileRef = 3C014DFF1CDDE220009C0B0C /* Main.storyboard */; };
		3C014E031CDDE220009C0B0C /* Assets.xcassets in Resources */ = {isa = PBXBuildFile; fileRef = 3C014E021CDDE220009C0B0C /* Assets.xcassets */; };
		3C014E061CDDE220009C0B0C /* LaunchScreen.storyboard in Resources */ = {isa = PBXBuildFile; fileRef = 3C014E041CDDE220009C0B0C /* LaunchScreen.storyboard */; };
		3C014E111CDDE220009C0B0C /* tviewTests.swift in Sources */ = {isa = PBXBuildFile; fileRef = 3C014E101CDDE220009C0B0C /* tviewTests.swift */; };
		3C014E1C1CDDE220009C0B0C /* tviewUITests.swift in Sources */ = {isa = PBXBuildFile; fileRef = 3C014E1B1CDDE220009C0B0C /* tviewUITests.swift */; };
/* End PBXBuildFile section */

/* Begin PBXContainerItemProxy section */
		3C014E0D1CDDE220009C0B0C /* PBXContainerItemProxy */ = {
			isa = PBXContainerItemProxy;
			containerPortal = 3C014DF01CDDE220009C0B0C /* Project object */;
			proxyType = 1;
			remoteGlobalIDString = 3C014DF71CDDE220009C0B0C;
			remoteInfo = tview;
		};
		3C014E181CDDE220009C0B0C /* PBXContainerItemProxy */ = {
			isa = PBXContainerItemProxy;
			containerPortal = 3C014DF01CDDE220009C0B0C /* Project object */;
			proxyType = 1;
			remoteGlobalIDString = 3C014DF71CDDE220009C0B0C;
			remoteInfo = tview;
		};
/* End PBXContainerItemProxy section */

/* Begin PBXFileReference section */
		3C014DF81CDDE220009C0B0C /* tview.app */ = {isa = PBXFileReference; explicitFileType = wrapper.application; includeInIndex = 0; path = tview.app; sourceTree = BUILT_PRODUCTS_DIR; };
		3C014DFB1CDDE220009C0B0C /* AppDelegate.swift */ = {isa = PBXFileReference; lastKnownFileType = sourcecode.swift; path = AppDelegate.swift; sourceTree = "<group>"; };
		3C014DFD1CDDE220009C0B0C /* ViewController.swift */ = {isa = PBXFileReference; lastKnownFileType = sourcecode.swift; path = ViewController.swift; sourceTree = "<group>"; };
		3C014E001CDDE220009C0B0C /* Base */ = {isa = PBXFileReference; lastKnownFileType = file.storyboard; name = Base; path = Base.lproj/Main.storyboard; sourceTree = "<group>"; };
		3C014E021CDDE220009C0B0C /* Assets.xcassets */ = {isa = PBXFileReference; lastKnownFileType = folder.assetcatalog; path = Assets.xcassets; sourceTree = "<group>"; };
		3C014E051CDDE220009C0B0C /* Base */ = {isa = PBXFileReference; lastKnownFileType = file.storyboard; name = Base; path = Base.lproj/LaunchScreen.storyboard; sourceTree = "<group>"; };
		3C014E071CDDE220009C0B0C /* Info.plist */ = {isa = PBXFileReference; lastKnownFileType = text.plist.xml; path = Info.plist; sourceTree = "<group>"; };
		3C014E0C1CDDE220009C0B0C /* tviewTests.xctest */ = {isa = PBXFileReference; explicitFileType = wrapper.cfbundle; includeInIndex = 0; path = tviewTests.xctest; sourceTree = BUILT_PRODUCTS_DIR; };
		3C014E101CDDE220009C0B0C /* tviewTests.swift */ = {isa = PBXFileReference; lastKnownFileType = sourcecode.swift; path = tviewTests.swift; sourceTree = "<group>"; };
		3C014E121CDDE220009C0B0C /* Info.plist */ = {isa = PBXFileReference; lastKnownFileType = text.plist.xml; path = Info.plist; sourceTree = "<group>"; };
		3C014E171CDDE220009C0B0C /* tviewUITests.xctest */ = {isa = PBXFileReference; explicitFileType = wrapper.cfbundle; includeInIndex = 0; path = tviewUITests.xctest; sourceTree = BUILT_PRODUCTS_DIR; };
		3C014E1B1CDDE220009C0B0C /* tviewUITests.swift */ = {isa = PBXFileReference; lastKnownFileType = sourcecode.swift; path = tviewUITests.swift; sourceTree = "<group>"; };
		3C014E1D1CDDE220009C0B0C /* Info.plist */ = {isa = PBXFileReference; lastKnownFileType = text.plist.xml; path = Info.plist; sourceTree = "<group>"; };
/* End PBXFileReference section */

/* Begin PBXFrameworksBuildPhase section */
		3C014DF51CDDE220009C0B0C /* Frameworks */ = {
			isa = PBXFrameworksBuildPhase;
			buildActionMask = 2147483647;
			files = (
			);
			runOnlyForDeploymentPostprocessing = 0;
		};
		3C014E091CDDE220009C0B0C /* Frameworks */ = {
			isa = PBXFrameworksBuildPhase;
			buildActionMask = 2147483647;
			files = (
			);
			runOnlyForDeploymentPostprocessing = 0;
		};
		3C014E141CDDE220009C0B0C /* Frameworks */ = {
			isa = PBXFrameworksBuildPhase;
			buildActionMask = 2147483647;
			files = (
			);
			runOnlyForDeploymentPostprocessing = 0;
		};
/* End PBXFrameworksBuildPhase section */

/* Begin PBXGroup section */
		3C014DEF1CDDE220009C0B0C = {
			isa = PBXGroup;
			children = (
				3C014DFA1CDDE220009C0B0C /* tview */,
				3C014E0F1CDDE220009C0B0C /* tviewTests */,
				3C014E1A1CDDE220009C0B0C /* tviewUITests */,
				3C014DF91CDDE220009C0B0C /* Products */,
			);
			sourceTree = "<group>";
		};
		3C014DF91CDDE220009C0B0C /* Products */ = {
			isa = PBXGroup;
			children = (
				3C014DF81CDDE220009C0B0C /* tview.app */,
				3C014E0C1CDDE220009C0B0C /* tviewTests.xctest */,
				3C014E171CDDE220009C0B0C /* tviewUITests.xctest */,
			);
			name = Products;
			sourceTree = "<group>";
		};
		3C014DFA1CDDE220009C0B0C /* tview */ = {
			isa = PBXGroup;
			children = (
				3C014DFB1CDDE220009C0B0C /* AppDelegate.swift */,
				3C014DFD1CDDE220009C0B0C /* ViewController.swift */,
				3C014DFF1CDDE220009C0B0C /* Main.storyboard */,
				3C014E021CDDE220009C0B0C /* Assets.xcassets */,
				3C014E041CDDE220009C0B0C /* LaunchScreen.storyboard */,
				3C014E071CDDE220009C0B0C /* Info.plist */,
			);
			path = tview;
			sourceTree = "<group>";
		};
		3C014E0F1CDDE220009C0B0C /* tviewTests */ = {
			isa = PBXGroup;
			children = (
				3C014E101CDDE220009C0B0C /* tviewTests.swift */,
				3C014E121CDDE220009C0B0C /* Info.plist */,
			);
			path = tviewTests;
			sourceTree = "<group>";
		};
		3C014E1A1CDDE220009C0B0C /* tviewUITests */ = {
			isa = PBXGroup;
			children = (
				3C014E1B1CDDE220009C0B0C /* tviewUITests.swift */,
				3C014E1D1CDDE220009C0B0C /* Info.plist */,
			);
			path = tviewUITests;
			sourceTree = "<group>";
		};
/* End PBXGroup section */

/* Begin PBXNativeTarget section */
		3C014DF71CDDE220009C0B0C /* tview */ = {
			isa = PBXNativeTarget;
			buildConfigurationList = 3C014E201CDDE220009C0B0C /* Build configuration list for PBXNativeTarget "tview" */;
			buildPhases = (
				3C014DF41CDDE220009C0B0C /* Sources */,
				3C014DF51CDDE220009C0B0C /* Frameworks */,
				3C014DF61CDDE220009C0B0C /* Resources */,
			);
			buildRules = (
			);
			dependencies = (
			);
			name = tview;
			productName = tview;
			productReference = 3C014DF81CDDE220009C0B0C /* tview.app */;
			productType = "com.apple.product-type.application";
		};
		3C014E0B1CDDE220009C0B0C /* tviewTests */ = {
			isa = PBXNativeTarget;
			buildConfigurationList = 3C014E231CDDE220009C0B0C /* Build configuration list for PBXNativeTarget "tviewTests" */;
			buildPhases = (
				3C014E081CDDE220009C0B0C /* Sources */,
				3C014E091CDDE220009C0B0C /* Frameworks */,
				3C014E0A1CDDE220009C0B0C /* Resources */,
			);
			buildRules = (
			);
			dependencies = (
				3C014E0E1CDDE220009C0B0C /* PBXTargetDependency */,
			);
			name = tviewTests;
			productName = tviewTests;
			productReference = 3C014E0C1CDDE220009C0B0C /* tviewTests.xctest */;
			productType = "com.apple.product-type.bundle.unit-test";
		};
		3C014E161CDDE220009C0B0C /* tviewUITests */ = {
			isa = PBXNativeTarget;
			buildConfigurationList = 3C014E261CDDE220009C0B0C /* Build configuration list for PBXNativeTarget "tviewUITests" */;
			buildPhases = (
				3C014E131CDDE220009C0B0C /* Sources */,
				3C014E141CDDE220009C0B0C /* Frameworks */,
				3C014E151CDDE220009C0B0C /* Resources */,
			);
			buildRules = (
			);
			dependencies = (
				3C014E191CDDE220009C0B0C /* PBXTargetDependency */,
			);
			name = tviewUITests;
			productName = tviewUITests;
			productReference = 3C014E171CDDE220009C0B0C /* tviewUITests.xctest */;
			productType = "com.apple.product-type.bundle.ui-testing";
		};
/* End PBXNativeTarget section */

/* Begin PBXProject section */
		3C014DF01CDDE220009C0B0C /* Project object */ = {
			isa = PBXProject;
			attributes = {
				LastSwiftUpdateCheck = 0720;
				LastUpgradeCheck = 0720;
				ORGANIZATIONNAME = satoshiii;
				TargetAttributes = {
					3C014DF71CDDE220009C0B0C = {
						CreatedOnToolsVersion = 7.2.1;
					};
					3C014E0B1CDDE220009C0B0C = {
						CreatedOnToolsVersion = 7.2.1;
						TestTargetID = 3C014DF71CDDE220009C0B0C;
					};
					3C014E161CDDE220009C0B0C = {
						CreatedOnToolsVersion = 7.2.1;
						TestTargetID = 3C014DF71CDDE220009C0B0C;
					};
				};
			};
			buildConfigurationList = 3C014DF31CDDE220009C0B0C /* Build configuration list for PBXProject "tview" */;
			compatibilityVersion = "Xcode 3.2";
			developmentRegion = English;
			hasScannedForEncodings = 0;
			knownRegions = (
				en,
				Base,
			);
			mainGroup = 3C014DEF1CDDE220009C0B0C;
			productRefGroup = 3C014DF91CDDE220009C0B0C /* Products */;
			projectDirPath = "";
			projectRoot = "";
			targets = (
				3C014DF71CDDE220009C0B0C /* tview */,
				3C014E0B1CDDE220009C0B0C /* tviewTests */,
				3C014E161CDDE220009C0B0C /* tviewUITests */,
			);
		};
/* End PBXProject section */

/* Begin PBXResourcesBuildPhase section */
		3C014DF61CDDE220009C0B0C /* Resources */ = {
			isa = PBXResourcesBuildPhase;
			buildActionMask = 2147483647;
			files = (
				3C014E061CDDE220009C0B0C /* LaunchScreen.storyboard in Resources */,
				3C014E031CDDE220009C0B0C /* Assets.xcassets in Resources */,
				3C014E011CDDE220009C0B0C /* Main.storyboard in Resources */,
			);
			runOnlyForDeploymentPostprocessing = 0;
		};
		3C014E0A1CDDE220009C0B0C /* Resources */ = {
			isa = PBXResourcesBuildPhase;
			buildActionMask = 2147483647;
			files = (
			);
			runOnlyForDeploymentPostprocessing = 0;
		};
		3C014E151CDDE220009C0B0C /* Resources */ = {
			isa = PBXResourcesBuildPhase;
			buildActionMask = 2147483647;
			files = (
			);
			runOnlyForDeploymentPostprocessing = 0;
		};
/* End PBXResourcesBuildPhase section */

/* Begin PBXSourcesBuildPhase section */
		3C014DF41CDDE220009C0B0C /* Sources */ = {
			isa = PBXSourcesBuildPhase;
			buildActionMask = 2147483647;
			files = (
				3C014DFE1CDDE220009C0B0C /* ViewController.swift in Sources */,
				3C014DFC1CDDE220009C0B0C /* AppDelegate.swift in Sources */,
			);
			runOnlyForDeploymentPostprocessing = 0;
		};
		3C014E081CDDE220009C0B0C /* Sources */ = {
			isa = PBXSourcesBuildPhase;
			buildActionMask = 2147483647;
			files = (
				3C014E111CDDE220009C0B0C /* tviewTests.swift in Sources */,
			);
			runOnlyForDeploymentPostprocessing = 0;
		};
		3C014E131CDDE220009C0B0C /* Sources */ = {
			isa = PBXSourcesBuildPhase;
			buildActionMask = 2147483647;
			files = (
				3C014E1C1CDDE220009C0B0C /* tviewUITests.swift in Sources */,
			);
			runOnlyForDeploymentPostprocessing = 0;
		};
/* End PBXSourcesBuildPhase section */

/* Begin PBXTargetDependency section */
		3C014E0E1CDDE220009C0B0C /* PBXTargetDependency */ = {
			isa = PBXTargetDependency;
			target = 3C014DF71CDDE220009C0B0C /* tview */;
			targetProxy = 3C014E0D1CDDE220009C0B0C /* PBXContainerItemProxy */;
		};
		3C014E191CDDE220009C0B0C /* PBXTargetDependency */ = {
			isa = PBXTargetDependency;
			target = 3C014DF71CDDE220009C0B0C /* tview */;
			targetProxy = 3C014E181CDDE220009C0B0C /* PBXContainerItemProxy */;
		};
/* End PBXTargetDependency section */

/* Begin PBXVariantGroup section */
		3C014DFF1CDDE220009C0B0C /* Main.storyboard */ = {
			isa = PBXVariantGroup;
			children = (
				3C014E001CDDE220009C0B0C /* Base */,
			);
			name = Main.storyboard;
			sourceTree = "<group>";
		};
		3C014E041CDDE220009C0B0C /* LaunchScreen.storyboard */ = {
			isa = PBXVariantGroup;
			children = (
				3C014E051CDDE220009C0B0C /* Base */,
			);
			name = LaunchScreen.storyboard;
			sourceTree = "<group>";
		};
/* End PBXVariantGroup section */

/* Begin XCBuildConfiguration section */
		3C014E1E1CDDE220009C0B0C /* Debug */ = {
			isa = XCBuildConfiguration;
			buildSettings = {
				ALWAYS_SEARCH_USER_PATHS = NO;
				CLANG_CXX_LANGUAGE_STANDARD = "gnu++0x";
				CLANG_CXX_LIBRARY = "libc++";
				CLANG_ENABLE_MODULES = YES;
				CLANG_ENABLE_OBJC_ARC = YES;
				CLANG_WARN_BOOL_CONVERSION = YES;
				CLANG_WARN_CONSTANT_CONVERSION = YES;
				CLANG_WARN_DIRECT_OBJC_ISA_USAGE = YES_ERROR;
				CLANG_WARN_EMPTY_BODY = YES;
				CLANG_WARN_ENUM_CONVERSION = YES;
				CLANG_WARN_INT_CONVERSION = YES;
				CLANG_WARN_OBJC_ROOT_CLASS = YES_ERROR;
				CLANG_WARN_UNREACHABLE_CODE = YES;
				CLANG_WARN__DUPLICATE_METHOD_MATCH = YES;
				"CODE_SIGN_IDENTITY[sdk=iphoneos*]" = "iPhone Developer";
				COPY_PHASE_STRIP = NO;
				DEBUG_INFORMATION_FORMAT = dwarf;
				ENABLE_STRICT_OBJC_MSGSEND = YES;
				ENABLE_TESTABILITY = YES;
				GCC_C_LANGUAGE_STANDARD = gnu99;
				GCC_DYNAMIC_NO_PIC = NO;
				GCC_NO_COMMON_BLOCKS = YES;
				GCC_OPTIMIZATION_LEVEL = 0;
				GCC_PREPROCESSOR_DEFINITIONS = (
					"DEBUG=1",
					"$(inherited)",
				);
				GCC_WARN_64_TO_32_BIT_CONVERSION = YES;
				GCC_WARN_ABOUT_RETURN_TYPE = YES_ERROR;
				GCC_WARN_UNDECLARED_SELECTOR = YES;
				GCC_WARN_UNINITIALIZED_AUTOS = YES_AGGRESSIVE;
				GCC_WARN_UNUSED_FUNCTION = YES;
				GCC_WARN_UNUSED_VARIABLE = YES;
				IPHONEOS_DEPLOYMENT_TARGET = 9.2;
				MTL_ENABLE_DEBUG_INFO = YES;
				ONLY_ACTIVE_ARCH = YES;
				SDKROOT = iphoneos;
				SWIFT_OPTIMIZATION_LEVEL = "-Onone";
			};
			name = Debug;
		};
		3C014E1F1CDDE220009C0B0C /* Release */ = {
			isa = XCBuildConfiguration;
			buildSettings = {
				ALWAYS_SEARCH_USER_PATHS = NO;
				CLANG_CXX_LANGUAGE_STANDARD = "gnu++0x";
				CLANG_CXX_LIBRARY = "libc++";
				CLANG_ENABLE_MODULES = YES;
				CLANG_ENABLE_OBJC_ARC = YES;
				CLANG_WARN_BOOL_CONVERSION = YES;
				CLANG_WARN_CONSTANT_CONVERSION = YES;
				CLANG_WARN_DIRECT_OBJC_ISA_USAGE = YES_ERROR;
				CLANG_WARN_EMPTY_BODY = YES;
				CLANG_WARN_ENUM_CONVERSION = YES;
				CLANG_WARN_INT_CONVERSION = YES;
				CLANG_WARN_OBJC_ROOT_CLASS = YES_ERROR;
				CLANG_WARN_UNREACHABLE_CODE = YES;
				CLANG_WARN__DUPLICATE_METHOD_MATCH = YES;
				"CODE_SIGN_IDENTITY[sdk=iphoneos*]" = "iPhone Developer";
				COPY_PHASE_STRIP = NO;
				DEBUG_INFORMATION_FORMAT = "dwarf-with-dsym";
				ENABLE_NS_ASSERTIONS = NO;
				ENABLE_STRICT_OBJC_MSGSEND = YES;
				GCC_C_LANGUAGE_STANDARD = gnu99;
				GCC_NO_COMMON_BLOCKS = YES;
				GCC_WARN_64_TO_32_BIT_CONVERSION = YES;
				GCC_WARN_ABOUT_RETURN_TYPE = YES_ERROR;
				GCC_WARN_UNDECLARED_SELECTOR = YES;
				GCC_WARN_UNINITIALIZED_AUTOS = YES_AGGRESSIVE;
				GCC_WARN_UNUSED_FUNCTION = YES;
				GCC_WARN_UNUSED_VARIABLE = YES;
				IPHONEOS_DEPLOYMENT_TARGET = 9.2;
				MTL_ENABLE_DEBUG_INFO = NO;
				SDKROOT = iphoneos;
				VALIDATE_PRODUCT = YES;
			};
			name = Release;
		};
		3C014E211CDDE220009C0B0C /* Debug */ = {
			isa = XCBuildConfiguration;
			buildSettings = {
				ASSETCATALOG_COMPILER_APPICON_NAME = AppIcon;
				INFOPLIST_FILE = tview/Info.plist;
				LD_RUNPATH_SEARCH_PATHS = "$(inherited) @executable_path/Frameworks";
				PRODUCT_BUNDLE_IDENTIFIER = com.satoshiii.tview;
				PRODUCT_NAME = "$(TARGET_NAME)";
			};
			name = Debug;
		};
		3C014E221CDDE220009C0B0C /* Release */ = {
			isa = XCBuildConfiguration;
			buildSettings = {
				ASSETCATALOG_COMPILER_APPICON_NAME = AppIcon;
				INFOPLIST_FILE = tview/Info.plist;
				LD_RUNPATH_SEARCH_PATHS = "$(inherited) @executable_path/Frameworks";
				PRODUCT_BUNDLE_IDENTIFIER = com.satoshiii.tview;
				PRODUCT_NAME = "$(TARGET_NAME)";
			};
			name = Release;
		};
		3C014E241CDDE220009C0B0C /* Debug */ = {
			isa = XCBuildConfiguration;
			buildSettings = {
				BUNDLE_LOADER = "$(TEST_HOST)";
				INFOPLIST_FILE = tviewTests/Info.plist;
				LD_RUNPATH_SEARCH_PATHS = "$(inherited) @executable_path/Frameworks @loader_path/Frameworks";
				PRODUCT_BUNDLE_IDENTIFIER = com.satoshiii.tviewTests;
				PRODUCT_NAME = "$(TARGET_NAME)";
				TEST_HOST = "$(BUILT_PRODUCTS_DIR)/tview.app/tview";
			};
			name = Debug;
		};
		3C014E251CDDE220009C0B0C /* Release */ = {
			isa = XCBuildConfiguration;
			buildSettings = {
				BUNDLE_LOADER = "$(TEST_HOST)";
				INFOPLIST_FILE = tviewTests/Info.plist;
				LD_RUNPATH_SEARCH_PATHS = "$(inherited) @executable_path/Frameworks @loader_path/Frameworks";
				PRODUCT_BUNDLE_IDENTIFIER = com.satoshiii.tviewTests;
				PRODUCT_NAME = "$(TARGET_NAME)";
				TEST_HOST = "$(BUILT_PRODUCTS_DIR)/tview.app/tview";
			};
			name = Release;
		};
		3C014E271CDDE220009C0B0C /* Debug */ = {
			isa = XCBuildConfiguration;
			buildSettings = {
				INFOPLIST_FILE = tviewUITests/Info.plist;
				LD_RUNPATH_SEARCH_PATHS = "$(inherited) @executable_path/Frameworks @loader_path/Frameworks";
				PRODUCT_BUNDLE_IDENTIFIER = com.satoshiii.tviewUITests;
				PRODUCT_NAME = "$(TARGET_NAME)";
				TEST_TARGET_NAME = tview;
				USES_XCTRUNNER = YES;
			};
			name = Debug;
		};
		3C014E281CDDE220009C0B0C /* Release */ = {
			isa = XCBuildConfiguration;
			buildSettings = {
				INFOPLIST_FILE = tviewUITests/Info.plist;
				LD_RUNPATH_SEARCH_PATHS = "$(inherited) @executable_path/Frameworks @loader_path/Frameworks";
				PRODUCT_BUNDLE_IDENTIFIER = com.satoshiii.tviewUITests;
				PRODUCT_NAME = "$(TARGET_NAME)";
				TEST_TARGET_NAME = tview;
				USES_XCTRUNNER = YES;
			};
			name = Release;
		};
/* End XCBuildConfiguration section */

/* Begin XCConfigurationList section */
		3C014DF31CDDE220009C0B0C /* Build configuration list for PBXProject "tview" */ = {
			isa = XCConfigurationList;
			buildConfigurations = (
				3C014E1E1CDDE220009C0B0C /* Debug */,
				3C014E1F1CDDE220009C0B0C /* Release */,
			);
			defaultConfigurationIsVisible = 0;
			defaultConfigurationName = Release;
		};
		3C014E201CDDE220009C0B0C /* Build configuration list for PBXNativeTarget "tview" */ = {
			isa = XCConfigurationList;
			buildConfigurations = (
				3C014E211CDDE220009C0B0C /* Debug */,
				3C014E221CDDE220009C0B0C /* Release */,
			);
			defaultConfigurationIsVisible = 0;
		};
		3C014E231CDDE220009C0B0C /* Build configuration list for PBXNativeTarget "tviewTests" */ = {
			isa = XCConfigurationList;
			buildConfigurations = (
				3C014E241CDDE220009C0B0C /* Debug */,
				3C014E251CDDE220009C0B0C /* Release */,
			);
			defaultConfigurationIsVisible = 0;
		};
		3C014E261CDDE220009C0B0C /* Build configuration list for PBXNativeTarget "tviewUITests" */ = {
			isa = XCConfigurationList;
			buildConfigurations = (
				3C014E271CDDE220009C0B0C /* Debug */,
				3C014E281CDDE220009C0B0C /* Release */,
			);
			defaultConfigurationIsVisible = 0;
		};
/* End XCConfigurationList section */
	};
	rootObject = 3C014DF01CDDE220009C0B0C /* Project object */;
}
